Microsoft Visual Studio Solution File, Format Version 12.00
# Visual Studio Version 17
VisualStudioVersion = 17.5.2.0
MinimumVisualStudioVersion = 10.0.40219.1
Project("{FAE04EC0-301F-11D3-BF4B-00C04F79EFBC}") = "Crud", "Crud.csproj", "{07ABB0EB-814B-3D6F-88EC-06C8F9B10172}"
EndProject
Global
	GlobalSection(SolutionConfigurationPlatforms) = preSolution
		Debug|Any CPU = Debug|Any CPU
		Release|Any CPU = Release|Any CPU
	EndGlobalSection
	GlobalSection(ProjectConfigurationPlatforms) = postSolution
		{07ABB0EB-814B-3D6F-88EC-06C8F9B10172}.Debug|Any CPU.ActiveCfg = Debug|Any CPU
		{07ABB0EB-814B-3D6F-88EC-06C8F9B10172}.Debug|Any CPU.Build.0 = Debug|Any CPU
		{07ABB0EB-814B-3D6F-88EC-06C8F9B10172}.Release|Any CPU.ActiveCfg = Release|Any CPU
		{07ABB0EB-814B-3D6F-88EC-06C8F9B10172}.Release|Any CPU.Build.0 = Release|Any CPU
	EndGlobalSection
	GlobalSection(SolutionProperties) = preSolution
		HideSolutionNode = FALSE
	EndGlobalSection
	GlobalSection(ExtensibilityGlobals) = postSolution
		SolutionGuid = {62220EA8-EC0E-4798-A1CF-AABDB348C396}
	EndGlobalSection
EndGlobal
